
Microsoft Visual Studio Solution File, Format Version 12.00
# Visual Studio Version 17
VisualStudioVersion = 17.1.32421.90
MinimumVisualStudioVersion = 10.0.40219.1
Project("{9A19103F-16F7-4668-BE54-9A1E7A4F7556}") = "EcommerceAPI", "EcommerceAPI\EcommerceAPI.csproj", "{E4914BE6-808F-4B20-85EC-8B710F67248D}"
EndProject
Project("{9A19103F-16F7-4668-BE54-9A1E7A4F7556}") = "EcommerceAPI.Infra", "EcommerceAPI.Infra\EcommerceAPI.Infra.csproj", "{E2187AD7-913D-4173-92DF-ECF119B542DC}"
EndProject
Project("{9A19103F-16F7-4668-BE54-9A1E7A4F7556}") = "EcommerceAPI.Domain", "EcommerceAPI.Domain\EcommerceAPI.Domain.csproj", "{9147FB46-B087-46D4-9011-4704BD249920}"
EndProject
Project("{9A19103F-16F7-4668-BE54-9A1E7A4F7556}") = "EcommerceAPI.Application", "EcommerceAPI.Application\EcommerceAPI.Application.csproj", "{E29AFCF7-12FD-46C8-B800-2418F447AD5D}"
EndProject
Project("{FAE04EC0-301F-11D3-BF4B-00C04F79EFBC}") = "EcommerceAPI.Test", "EcommerceAPI.Test\EcommerceAPI.Test.csproj", "{3279AE8F-744B-448F-9BAD-0B8788EABDEB}"
EndProject
Global
	GlobalSection(SolutionConfigurationPlatforms) = preSolution
		Debug|Any CPU = Debug|Any CPU
		Release|Any CPU = Release|Any CPU
	EndGlobalSection
	GlobalSection(ProjectConfigurationPlatforms) = postSolution
		{E4914BE6-808F-4B20-85EC-8B710F67248D}.Debug|Any CPU.ActiveCfg = Debug|Any CPU
		{E4914BE6-808F-4B20-85EC-8B710F67248D}.Debug|Any CPU.Build.0 = Debug|Any CPU
		{E4914BE6-808F-4B20-85EC-8B710F67248D}.Release|Any CPU.ActiveCfg = Release|Any CPU
		{E4914BE6-808F-4B20-85EC-8B710F67248D}.Release|Any CPU.Build.0 = Release|Any CPU
		{E2187AD7-913D-4173-92DF-ECF119B542DC}.Debug|Any CPU.ActiveCfg = Debug|Any CPU
		{E2187AD7-913D-4173-92DF-ECF119B542DC}.Debug|Any CPU.Build.0 = Debug|Any CPU
		{E2187AD7-913D-4173-92DF-ECF119B542DC}.Release|Any CPU.ActiveCfg = Release|Any CPU
		{E2187AD7-913D-4173-92DF-ECF119B542DC}.Release|Any CPU.Build.0 = Release|Any CPU
		{9147FB46-B087-46D4-9011-4704BD249920}.Debug|Any CPU.ActiveCfg = Debug|Any CPU
		{9147FB46-B087-46D4-9011-4704BD249920}.Debug|Any CPU.Build.0 = Debug|Any CPU
		{9147FB46-B087-46D4-9011-4704BD249920}.Release|Any CPU.ActiveCfg = Release|Any CPU
		{9147FB46-B087-46D4-9011-4704BD249920}.Release|Any CPU.Build.0 = Release|Any CPU
		{E29AFCF7-12FD-46C8-B800-2418F447AD5D}.Debug|Any CPU.ActiveCfg = Debug|Any CPU
		{E29AFCF7-12FD-46C8-B800-2418F447AD5D}.Debug|Any CPU.Build.0 = Debug|Any CPU
		{E29AFCF7-12FD-46C8-B800-2418F447AD5D}.Release|Any CPU.ActiveCfg = Release|Any CPU
		{E29AFCF7-12FD-46C8-B800-2418F447AD5D}.Release|Any CPU.Build.0 = Release|Any CPU
		{3279AE8F-744B-448F-9BAD-0B8788EABDEB}.Debug|Any CPU.ActiveCfg = Debug|Any CPU
		{3279AE8F-744B-448F-9BAD-0B8788EABDEB}.Debug|Any CPU.Build.0 = Debug|Any CPU
		{3279AE8F-744B-448F-9BAD-0B8788EABDEB}.Release|Any CPU.ActiveCfg = Release|Any CPU
		{3279AE8F-744B-448F-9BAD-0B8788EABDEB}.Release|Any CPU.Build.0 = Release|Any CPU
	EndGlobalSection
	GlobalSection(SolutionProperties) = preSolution
		HideSolutionNode = FALSE
	EndGlobalSection
	GlobalSection(ExtensibilityGlobals) = postSolution
		SolutionGuid = {307EDE56-5E91-455B-8356-CE95195F7A89}
	EndGlobalSection
EndGlobal
